# This file is generated by running "yarn install" inside your project.
# Manual changes might be lost - proceed with caution!

__metadata:
  version: 5
  cacheKey: 8

"edn-data@npm:^0.2.0":
  version: 0.2.0
  resolution: "edn-data@npm:0.2.0"
  checksum: f69ba50a69bf501f689df3fad07b857bf2e72cc019e390dba705ed580fdc1ebdfe0fcc6d6632b86ac32164fe209a98ba364577dc22d5408ee5e45f4ec709f033
  languageName: node
  linkType: hard

"root-workspace-0b6124@workspace:.":
  version: 0.0.0-use.local
  resolution: "root-workspace-0b6124@workspace:."
  dependencies:
    edn-data: ^0.2.0
    transit-js: ^0.8.874
    ws: ^8.3.0
  languageName: unknown
  linkType: soft

"transit-js@npm:^0.8.874":
  version: 0.8.874
  resolution: "transit-js@npm:0.8.874"
  checksum: a1d3a78a0ce926320ba32cdd59a74104e1b440855497753b91f8e71831302b23adfb21416cdba30153305cf41cf96b75421a607a1799b676572fe6072ee04798
  languageName: node
  linkType: hard

"ws@npm:^8.3.0":
  version: 8.4.0
  resolution: "ws@npm:8.4.0"
  peerDependencies:
    bufferutil: ^4.0.1
    utf-8-validate: ^5.0.2
  peerDependenciesMeta:
    bufferutil:
      optional: true
    utf-8-validate:
      optional: true
  checksum: 5e37ccf0ecb8d8019d88b07af079e8f74248b688ad3109ab57cd5e1c9a7392545f572914d0c27f25e8b83a6cfc09a89ac151c556ff4fae26d6f824077e4f8239
  languageName: node
  linkType: hard
